// !$*UTF8*$!
{
	archiveVersion = 1;
	classes = {
	};
	objectVersion = 46;
	objects = {

/* Begin PBXBuildFile section */
		8B2DBF161DF5654600408DA3 /* AppDelegate.swift in Sources */ = {isa = PBXBuildFile; fileRef = 8B2DBF151DF5654600408DA3 /* AppDelegate.swift */; };
		8B2DBF181DF5654600408DA3 /* ViewController.swift in Sources */ = {isa = PBXBuildFile; fileRef = 8B2DBF171DF5654600408DA3 /* ViewController.swift */; };
		8B2DBF1B1DF5654600408DA3 /* Main.storyboard in Resources */ = {isa = PBXBuildFile; fileRef = 8B2DBF191DF5654600408DA3 /* Main.storyboard */; };
		8B2DBF1D1DF5654600408DA3 /* Assets.xcassets in Resources */ = {isa = PBXBuildFile; fileRef = 8B2DBF1C1DF5654600408DA3 /* Assets.xcassets */; };
		8B2DBF201DF5654600408DA3 /* LaunchScreen.storyboard in Resources */ = {isa = PBXBuildFile; fileRef = 8B2DBF1E1DF5654600408DA3 /* LaunchScreen.storyboard */; };
		8B2DBF281DF5657F00408DA3 /* RCTagsView.swift in Sources */ = {isa = PBXBuildFile; fileRef = 8B2DBF271DF5657F00408DA3 /* RCTagsView.swift */; };
/* End PBXBuildFile section */

/* Begin PBXFileReference section */
		8B2DBF121DF5654600408DA3 /* RCTagsView.app */ = {isa = PBXFileReference; explicitFileType = wrapper.application; includeInIndex = 0; path = RCTagsView.app; sourceTree = BUILT_PRODUCTS_DIR; };
		8B2DBF151DF5654600408DA3 /* AppDelegate.swift */ = {isa = PBXFileReference; lastKnownFileType = sourcecode.swift; path = AppDelegate.swift; sourceTree = "<group>"; };
		8B2DBF171DF5654600408DA3 /* ViewController.swift */ = {isa = PBXFileReference; lastKnownFileType = sourcecode.swift; path = ViewController.swift; sourceTree = "<group>"; };
		8B2DBF1A1DF5654600408DA3 /* Base */ = {isa = PBXFileReference; lastKnownFileType = file.storyboard; name = Base; path = Base.lproj/Main.storyboard; sourceTree = "<group>"; };
		8B2DBF1C1DF5654600408DA3 /* Assets.xcassets */ = {isa = PBXFileReference; lastKnownFileType = folder.assetcatalog; path = Assets.xcassets; sourceTree = "<group>"; };
		8B2DBF1F1DF5654600408DA3 /* Base */ = {isa = PBXFileReference; lastKnownFileType = file.storyboard; name = Base; path = Base.lproj/LaunchScreen.storyboard; sourceTree = "<group>"; };
		8B2DBF211DF5654600408DA3 /* Info.plist */ = {isa = PBXFileReference; lastKnownFileType = text.plist.xml; path = Info.plist; sourceTree = "<group>"; };
		8B2DBF271DF5657F00408DA3 /* RCTagsView.swift */ = {isa = PBXFileReference; fileEncoding = 4; lastKnownFileType = sourcecode.swift; path = RCTagsView.swift; sourceTree = "<group>"; };
/* End PBXFileReference section */

/* Begin PBXFrameworksBuildPhase section */
		8B2DBF0F1DF5654600408DA3 /* Frameworks */ = {
			isa = PBXFrameworksBuildPhase;
			buildActionMask = 2147483647;
			files = (
			);
			runOnlyForDeploymentPostprocessing = 0;
		};
/* End PBXFrameworksBuildPhase section */

/* Begin PBXGroup section */
		8B2DBF091DF5654600408DA3 = {
			isa = PBXGroup;
			children = (
				8B2DBF141DF5654600408DA3 /* RCTagsView */,
				8B2DBF131DF5654600408DA3 /* Products */,
			);
			sourceTree = "<group>";
		};
		8B2DBF131DF5654600408DA3 /* Products */ = {
			isa = PBXGroup;
			children = (
				8B2DBF121DF5654600408DA3 /* RCTagsView.app */,
			);
			name = Products;
			sourceTree = "<group>";
		};
		8B2DBF141DF5654600408DA3 /* RCTagsView */ = {
			isa = PBXGroup;
			children = (
				8B2DBF271DF5657F00408DA3 /* RCTagsView.swift */,
				8B2DBF151DF5654600408DA3 /* AppDelegate.swift */,
				8B2DBF171DF5654600408DA3 /* ViewController.swift */,
				8B2DBF191DF5654600408DA3 /* Main.storyboard */,
				8B2DBF1C1DF5654600408DA3 /* Assets.xcassets */,
				8B2DBF1E1DF5654600408DA3 /* LaunchScreen.storyboard */,
				8B2DBF211DF5654600408DA3 /* Info.plist */,
			);
			path = RCTagsView;
			sourceTree = "<group>";
		};
/* End PBXGroup section */

/* Begin PBXNativeTarget section */
		8B2DBF111DF5654600408DA3 /* RCTagsView */ = {
			isa = PBXNativeTarget;
			buildConfigurationList = 8B2DBF241DF5654600408DA3 /* Build configuration list for PBXNativeTarget "RCTagsView" */;
			buildPhases = (
				8B2DBF0E1DF5654600408DA3 /* Sources */,
				8B2DBF0F1DF5654600408DA3 /* Frameworks */,
				8B2DBF101DF5654600408DA3 /* Resources */,
			);
			buildRules = (
			);
			dependencies = (
			);
			name = RCTagsView;
			productName = RCTagsView;
			productReference = 8B2DBF121DF5654600408DA3 /* RCTagsView.app */;
			productType = "com.apple.product-type.application";
		};
/* End PBXNativeTarget section */

/* Begin PBXProject section */
		8B2DBF0A1DF5654600408DA3 /* Project object */ = {
			isa = PBXProject;
			attributes = {
				LastSwiftUpdateCheck = 0810;
				LastUpgradeCheck = 0810;
				ORGANIZATIONNAME = "Beijing Haitao International Travel Service Co., Ltd.";
				TargetAttributes = {
					8B2DBF111DF5654600408DA3 = {
						CreatedOnToolsVersion = 8.1;
						DevelopmentTeam = D93B77WBRC;
						ProvisioningStyle = Automatic;
					};
				};
			};
			buildConfigurationList = 8B2DBF0D1DF5654600408DA3 /* Build configuration list for PBXProject "RCTagsView" */;
			compatibilityVersion = "Xcode 3.2";
			developmentRegion = English;
			hasScannedForEncodings = 0;
			knownRegions = (
				en,
				Base,
			);
			mainGroup = 8B2DBF091DF5654600408DA3;
			productRefGroup = 8B2DBF131DF5654600408DA3 /* Products */;
			projectDirPath = "";
			projectRoot = "";
			targets = (
				8B2DBF111DF5654600408DA3 /* RCTagsView */,
			);
		};
/* End PBXProject section */

/* Begin PBXResourcesBuildPhase section */
		8B2DBF101DF5654600408DA3 /* Resources */ = {
			isa = PBXResourcesBuildPhase;
			buildActionMask = 2147483647;
			files = (
				8B2DBF201DF5654600408DA3 /* LaunchScreen.storyboard in Resources */,
				8B2DBF1D1DF5654600408DA3 /* Assets.xcassets in Resources */,
				8B2DBF1B1DF5654600408DA3 /* Main.storyboard in Resources */,
			);
			runOnlyForDeploymentPostprocessing = 0;
		};
/* End PBXResourcesBuildPhase section */

/* Begin PBXSourcesBuildPhase section */
		8B2DBF0E1DF5654600408DA3 /* Sources */ = {
			isa = PBXSourcesBuildPhase;
			buildActionMask = 2147483647;
			files = (
				8B2DBF181DF5654600408DA3 /* ViewController.swift in Sources */,
				8B2DBF161DF5654600408DA3 /* AppDelegate.swift in Sources */,
				8B2DBF281DF5657F00408DA3 /* RCTagsView.swift in Sources */,
			);
			runOnlyForDeploymentPostprocessing = 0;
		};
/* End PBXSourcesBuildPhase section */

/* Begin PBXVariantGroup section */
		8B2DBF191DF5654600408DA3 /* Main.storyboard */ = {
			isa = PBXVariantGroup;
			children = (
				8B2DBF1A1DF5654600408DA3 /* Base */,
			);
			name = Main.storyboard;
			sourceTree = "<group>";
		};
		8B2DBF1E1DF5654600408DA3 /* LaunchScreen.storyboard */ = {
			isa = PBXVariantGroup;
			children = (
				8B2DBF1F1DF5654600408DA3 /* Base */,
			);
			name = LaunchScreen.storyboard;
			sourceTree = "<group>";
		};
/* End PBXVariantGroup section */

/* Begin XCBuildConfiguration section */
		8B2DBF221DF5654600408DA3 /* Debug */ = {
			isa = XCBuildConfiguration;
			buildSettings = {
				ALWAYS_SEARCH_USER_PATHS = NO;
				CLANG_ANALYZER_NONNULL = YES;
				CLANG_CXX_LANGUAGE_STANDARD = "gnu++0x";
				CLANG_CXX_LIBRARY = "libc++";
				CLANG_ENABLE_MODULES = YES;
				CLANG_ENABLE_OBJC_ARC = YES;
				CLANG_WARN_BOOL_CONVERSION = YES;
				CLANG_WARN_CONSTANT_CONVERSION = YES;
				CLANG_WARN_DIRECT_OBJC_ISA_USAGE = YES_ERROR;
				CLANG_WARN_DOCUMENTATION_COMMENTS = YES;
				CLANG_WARN_EMPTY_BODY = YES;
				CLANG_WARN_ENUM_CONVERSION = YES;
				CLANG_WARN_INFINITE_RECURSION = YES;
				CLANG_WARN_INT_CONVERSION = YES;
				CLANG_WARN_OBJC_ROOT_CLASS = YES_ERROR;
				CLANG_WARN_SUSPICIOUS_MOVES = YES;
				CLANG_WARN_UNREACHABLE_CODE = YES;
				CLANG_WARN__DUPLICATE_METHOD_MATCH = YES;
				"CODE_SIGN_IDENTITY[sdk=iphoneos*]" = "iPhone Developer";
				COPY_PHASE_STRIP = NO;
				DEBUG_INFORMATION_FORMAT = dwarf;
				ENABLE_STRICT_OBJC_MSGSEND = YES;
				ENABLE_TESTABILITY = YES;
				GCC_C_LANGUAGE_STANDARD = gnu99;
				GCC_DYNAMIC_NO_PIC = NO;
				GCC_NO_COMMON_BLOCKS = YES;
				GCC_OPTIMIZATION_LEVEL = 0;
				GCC_PREPROCESSOR_DEFINITIONS = (
					"DEBUG=1",
					"$(inherited)",
				);
				GCC_WARN_64_TO_32_BIT_CONVERSION = YES;
				GCC_WARN_ABOUT_RETURN_TYPE = YES_ERROR;
				GCC_WARN_UNDECLARED_SELECTOR = YES;
				GCC_WARN_UNINITIALIZED_AUTOS = YES_AGGRESSIVE;
				GCC_WARN_UNUSED_FUNCTION = YES;
				GCC_WARN_UNUSED_VARIABLE = YES;
				IPHONEOS_DEPLOYMENT_TARGET = 10.1;
				MTL_ENABLE_DEBUG_INFO = YES;
				ONLY_ACTIVE_ARCH = YES;
				SDKROOT = iphoneos;
				SWIFT_ACTIVE_COMPILATION_CONDITIONS = DEBUG;
				SWIFT_OPTIMIZATION_LEVEL = "-Onone";
			};
			name = Debug;
		};
		8B2DBF231DF5654600408DA3 /* Release */ = {
			isa = XCBuildConfiguration;
			buildSettings = {
				ALWAYS_SEARCH_USER_PATHS = NO;
				CLANG_ANALYZER_NONNULL = YES;
				CLANG_CXX_LANGUAGE_STANDARD = "gnu++0x";
				CLANG_CXX_LIBRARY = "libc++";
				CLANG_ENABLE_MODULES = YES;
				CLANG_ENABLE_OBJC_ARC = YES;
				CLANG_WARN_BOOL_CONVERSION = YES;
				CLANG_WARN_CONSTANT_CONVERSION = YES;
				CLANG_WARN_DIRECT_OBJC_ISA_USAGE = YES_ERROR;
				CLANG_WARN_DOCUMENTATION_COMMENTS = YES;
				CLANG_WARN_EMPTY_BODY = YES;
				CLANG_WARN_ENUM_CONVERSION = YES;
				CLANG_WARN_INFINITE_RECURSION = YES;
				CLANG_WARN_INT_CONVERSION = YES;
				CLANG_WARN_OBJC_ROOT_CLASS = YES_ERROR;
				CLANG_WARN_SUSPICIOUS_MOVES = YES;
				CLANG_WARN_UNREACHABLE_CODE = YES;
				CLANG_WARN__DUPLICATE_METHOD_MATCH = YES;
				"CODE_SIGN_IDENTITY[sdk=iphoneos*]" = "iPhone Developer";
				COPY_PHASE_STRIP = NO;
				DEBUG_INFORMATION_FORMAT = "dwarf-with-dsym";
				ENABLE_NS_ASSERTIONS = NO;
				ENABLE_STRICT_OBJC_MSGSEND = YES;
				GCC_C_LANGUAGE_STANDARD = gnu99;
				GCC_NO_COMMON_BLOCKS = YES;
				GCC_WARN_64_TO_32_BIT_CONVERSION = YES;
				GCC_WARN_ABOUT_RETURN_TYPE = YES_ERROR;
				GCC_WARN_UNDECLARED_SELECTOR = YES;
				GCC_WARN_UNINITIALIZED_AUTOS = YES_AGGRESSIVE;
				GCC_WARN_UNUSED_FUNCTION = YES;
				GCC_WARN_UNUSED_VARIABLE = YES;
				IPHONEOS_DEPLOYMENT_TARGET = 10.1;
				MTL_ENABLE_DEBUG_INFO = NO;
				SDKROOT = iphoneos;
				SWIFT_OPTIMIZATION_LEVEL = "-Owholemodule";
				VALIDATE_PRODUCT = YES;
			};
			name = Release;
		};
		8B2DBF251DF5654600408DA3 /* Debug */ = {
			isa = XCBuildConfiguration;
			buildSettings = {
				ASSETCATALOG_COMPILER_APPICON_NAME = AppIcon;
				DEVELOPMENT_TEAM = D93B77WBRC;
				INFOPLIST_FILE = RCTagsView/Info.plist;
				LD_RUNPATH_SEARCH_PATHS = "$(inherited) @executable_path/Frameworks";
				PRODUCT_BUNDLE_IDENTIFIER = com.rc.RCTagsView;
				PRODUCT_NAME = "$(TARGET_NAME)";
				SWIFT_VERSION = 3.0;
			};
			name = Debug;
		};
		8B2DBF261DF5654600408DA3 /* Release */ = {
			isa = XCBuildConfiguration;
			buildSettings = {
				ASSETCATALOG_COMPILER_APPICON_NAME = AppIcon;
				DEVELOPMENT_TEAM = D93B77WBRC;
				INFOPLIST_FILE = RCTagsView/Info.plist;
				LD_RUNPATH_SEARCH_PATHS = "$(inherited) @executable_path/Frameworks";
				PRODUCT_BUNDLE_IDENTIFIER = com.rc.RCTagsView;
				PRODUCT_NAME = "$(TARGET_NAME)";
				SWIFT_VERSION = 3.0;
			};
			name = Release;
		};
/* End XCBuildConfiguration section */

/* Begin XCConfigurationList section */
		8B2DBF0D1DF5654600408DA3 /* Build configuration list for PBXProject "RCTagsView" */ = {
			isa = XCConfigurationList;
			buildConfigurations = (
				8B2DBF221DF5654600408DA3 /* Debug */,
				8B2DBF231DF5654600408DA3 /* Release */,
			);
			defaultConfigurationIsVisible = 0;
			defaultConfigurationName = Release;
		};
		8B2DBF241DF5654600408DA3 /* Build configuration list for PBXNativeTarget "RCTagsView" */ = {
			isa = XCConfigurationList;
			buildConfigurations = (
				8B2DBF251DF5654600408DA3 /* Debug */,
				8B2DBF261DF5654600408DA3 /* Release */,
			);
			defaultConfigurationIsVisible = 0;
		};
/* End XCConfigurationList section */
	};
	rootObject = 8B2DBF0A1DF5654600408DA3 /* Project object */;
}
